<?xml version="1.0" encoding="utf-8"?>
<Project ToolsVersion="4.0" xmlns="http://schemas.microsoft.com/developer/msbuild/2003">
  <ItemGroup>
    <Filter Include="build">
      <UniqueIdentifier>{4FC737F1-C7A5-4376-A066-2A32D752A2FF}</UniqueIdentifier>
      <Extensions>cpp;c;cc;cxx;def;odl;idl;hpj;bat;asm;asmx</Extensions>
    </Filter>
    <Filter Include="STL">
      <UniqueIdentifier>{a9adca1b-46d9-4645-8f29-2046262d40c8}</UniqueIdentifier>
    </Filter>
    <Filter Include="Algorithm">
      <UniqueIdentifier>{435f2a75-7733-4c54-bc43-c9f3d2e99b5d}</UniqueIdentifier>
    </Filter>
  </ItemGroup>
  <ItemGroup>
    <ClCompile Include="DataStruct.cpp">
      <Filter>build</Filter>
    </ClCompile>
    <ClCompile Include="test_priority_queue.cpp">
      <Filter>STL</Filter>
    </ClCompile>
    <ClCompile Include="gcd.cpp">
      <Filter>Algorithm</Filter>
    </ClCompile>
  </ItemGroup>
</Project>