<?xml version="1.0" encoding="utf-8"?>
<Project ToolsVersion="4.0" xmlns="http://schemas.microsoft.com/developer/msbuild/2003">
  <ItemGroup>
    <Filter Include="src">
      <UniqueIdentifier>{eb049cbb-1768-41be-819f-e9ec9e0f2856}</UniqueIdentifier>
    </Filter>
  </ItemGroup>
  <ItemGroup>
    <ClCompile Include="main.cpp" />
    <ClCompile Include="TwoSum.cpp">
      <Filter>src</Filter>
    </ClCompile>
    <ClCompile Include="AddTwoNumbers.cpp">
      <Filter>src</Filter>
    </ClCompile>
    <ClCompile Include="MedianOfTwoSortedArrays.cpp">
      <Filter>src</Filter>
    </ClCompile>
    <ClCompile Include="Searcha2DMatrix.cpp">
      <Filter>src</Filter>
    </ClCompile>
    <ClCompile Include="LongestPalindromicSubstring.cpp">
      <Filter>src</Filter>
    </ClCompile>
    <ClCompile Include="ZigZagConversion.cpp">
      <Filter>src</Filter>
    </ClCompile>
  </ItemGroup>
  <ItemGroup>
    <ClInclude Include="ComonDef.h">
      <Filter>src</Filter>
    </ClInclude>
  </ItemGroup>
</Project>